// !$*UTF8*$!
{
	archiveVersion = 1;
	classes = {
	};
	objectVersion = 55;
	objects = {

/* Begin PBXBuildFile section */
		55480F6F2815AA98000093EB /* Lern_by_DoingApp.swift in Sources */ = {isa = PBXBuildFile; fileRef = 55480F6E2815AA98000093EB /* Lern_by_DoingApp.swift */; };
		55480F712815AA98000093EB /* ContentView.swift in Sources */ = {isa = PBXBuildFile; fileRef = 55480F702815AA98000093EB /* ContentView.swift */; };
		55480F732815AA99000093EB /* Assets.xcassets in Resources */ = {isa = PBXBuildFile; fileRef = 55480F722815AA99000093EB /* Assets.xcassets */; };
		55480F762815AA99000093EB /* Preview Assets.xcassets in Resources */ = {isa = PBXBuildFile; fileRef = 55480F752815AA99000093EB /* Preview Assets.xcassets */; };
		55B46ACE28266622007D6BCA /* CardModel.swift in Sources */ = {isa = PBXBuildFile; fileRef = 55B46ACD28266622007D6BCA /* CardModel.swift */; };
		55E98C142815BB4500637749 /* Launch Screen.storyboard in Resources */ = {isa = PBXBuildFile; fileRef = 55E98C132815BB4500637749 /* Launch Screen.storyboard */; };
		55E98C172815BFAB00637749 /* CardView.swift in Sources */ = {isa = PBXBuildFile; fileRef = 55E98C162815BFAB00637749 /* CardView.swift */; };
/* End PBXBuildFile section */

/* Begin PBXFileReference section */
		55480F6B2815AA98000093EB /* Lern by Doing.app */ = {isa = PBXFileReference; explicitFileType = wrapper.application; includeInIndex = 0; path = "Lern by Doing.app"; sourceTree = BUILT_PRODUCTS_DIR; };
		55480F6E2815AA98000093EB /* Lern_by_DoingApp.swift */ = {isa = PBXFileReference; lastKnownFileType = sourcecode.swift; path = Lern_by_DoingApp.swift; sourceTree = "<group>"; };
		55480F702815AA98000093EB /* ContentView.swift */ = {isa = PBXFileReference; lastKnownFileType = sourcecode.swift; path = ContentView.swift; sourceTree = "<group>"; };
		55480F722815AA99000093EB /* Assets.xcassets */ = {isa = PBXFileReference; lastKnownFileType = folder.assetcatalog; path = Assets.xcassets; sourceTree = "<group>"; };
		55480F752815AA99000093EB /* Preview Assets.xcassets */ = {isa = PBXFileReference; lastKnownFileType = folder.assetcatalog; path = "Preview Assets.xcassets"; sourceTree = "<group>"; };
		55B46ACD28266622007D6BCA /* CardModel.swift */ = {isa = PBXFileReference; lastKnownFileType = sourcecode.swift; path = CardModel.swift; sourceTree = "<group>"; };
		55E98C132815BB4500637749 /* Launch Screen.storyboard */ = {isa = PBXFileReference; lastKnownFileType = file.storyboard; path = "Launch Screen.storyboard"; sourceTree = "<group>"; };
		55E98C152815BEA100637749 /* Lern-by-Doing-Info.plist */ = {isa = PBXFileReference; lastKnownFileType = text.plist; path = "Lern-by-Doing-Info.plist"; sourceTree = SOURCE_ROOT; };
		55E98C162815BFAB00637749 /* CardView.swift */ = {isa = PBXFileReference; lastKnownFileType = sourcecode.swift; path = CardView.swift; sourceTree = "<group>"; };
/* End PBXFileReference section */

/* Begin PBXFrameworksBuildPhase section */
		55480F682815AA98000093EB /* Frameworks */ = {
			isa = PBXFrameworksBuildPhase;
			buildActionMask = 2147483647;
			files = (
			);
			runOnlyForDeploymentPostprocessing = 0;
		};
/* End PBXFrameworksBuildPhase section */

/* Begin PBXGroup section */
		55480F622815AA98000093EB = {
			isa = PBXGroup;
			children = (
				55480F6D2815AA98000093EB /* Lern by Doing */,
				55480F6C2815AA98000093EB /* Products */,
			);
			sourceTree = "<group>";
		};
		55480F6C2815AA98000093EB /* Products */ = {
			isa = PBXGroup;
			children = (
				55480F6B2815AA98000093EB /* Lern by Doing.app */,
			);
			name = Products;
			sourceTree = "<group>";
		};
		55480F6D2815AA98000093EB /* Lern by Doing */ = {
			isa = PBXGroup;
			children = (
				55E98C152815BEA100637749 /* Lern-by-Doing-Info.plist */,
				55480F6E2815AA98000093EB /* Lern_by_DoingApp.swift */,
				55480F702815AA98000093EB /* ContentView.swift */,
				55B46ACD28266622007D6BCA /* CardModel.swift */,
				55480F722815AA99000093EB /* Assets.xcassets */,
				55480F742815AA99000093EB /* Preview Content */,
				55E98C132815BB4500637749 /* Launch Screen.storyboard */,
				55E98C162815BFAB00637749 /* CardView.swift */,
			);
			path = "Lern by Doing";
			sourceTree = "<group>";
		};
		55480F742815AA99000093EB /* Preview Content */ = {
			isa = PBXGroup;
			children = (
				55480F752815AA99000093EB /* Preview Assets.xcassets */,
			);
			path = "Preview Content";
			sourceTree = "<group>";
		};
/* End PBXGroup section */

/* Begin PBXNativeTarget section */
		55480F6A2815AA98000093EB /* Lern by Doing */ = {
			isa = PBXNativeTarget;
			buildConfigurationList = 55480F792815AA99000093EB /* Build configuration list for PBXNativeTarget "Lern by Doing" */;
			buildPhases = (
				55480F672815AA98000093EB /* Sources */,
				55480F682815AA98000093EB /* Frameworks */,
				55480F692815AA98000093EB /* Resources */,
			);
			buildRules = (
			);
			dependencies = (
			);
			name = "Lern by Doing";
			productName = "Lern by Doing";
			productReference = 55480F6B2815AA98000093EB /* Lern by Doing.app */;
			productType = "com.apple.product-type.application";
		};
/* End PBXNativeTarget section */

/* Begin PBXProject section */
		55480F632815AA98000093EB /* Project object */ = {
			isa = PBXProject;
			attributes = {
				BuildIndependentTargetsInParallel = 1;
				LastSwiftUpdateCheck = 1330;
				LastUpgradeCheck = 1330;
				TargetAttributes = {
					55480F6A2815AA98000093EB = {
						CreatedOnToolsVersion = 13.3.1;
					};
				};
			};
			buildConfigurationList = 55480F662815AA98000093EB /* Build configuration list for PBXProject "Lern by Doing" */;
			compatibilityVersion = "Xcode 13.0";
			developmentRegion = en;
			hasScannedForEncodings = 0;
			knownRegions = (
				en,
				Base,
			);
			mainGroup = 55480F622815AA98000093EB;
			productRefGroup = 55480F6C2815AA98000093EB /* Products */;
			projectDirPath = "";
			projectRoot = "";
			targets = (
				55480F6A2815AA98000093EB /* Lern by Doing */,
			);
		};
/* End PBXProject section */

/* Begin PBXResourcesBuildPhase section */
		55480F692815AA98000093EB /* Resources */ = {
			isa = PBXResourcesBuildPhase;
			buildActionMask = 2147483647;
			files = (
				55E98C142815BB4500637749 /* Launch Screen.storyboard in Resources */,
				55480F762815AA99000093EB /* Preview Assets.xcassets in Resources */,
				55480F732815AA99000093EB /* Assets.xcassets in Resources */,
			);
			runOnlyForDeploymentPostprocessing = 0;
		};
/* End PBXResourcesBuildPhase section */

/* Begin PBXSourcesBuildPhase section */
		55480F672815AA98000093EB /* Sources */ = {
			isa = PBXSourcesBuildPhase;
			buildActionMask = 2147483647;
			files = (
				55480F712815AA98000093EB /* ContentView.swift in Sources */,
				55B46ACE28266622007D6BCA /* CardModel.swift in Sources */,
				55E98C172815BFAB00637749 /* CardView.swift in Sources */,
				55480F6F2815AA98000093EB /* Lern_by_DoingApp.swift in Sources */,
			);
			runOnlyForDeploymentPostprocessing = 0;
		};
/* End PBXSourcesBuildPhase section */

/* Begin XCBuildConfiguration section */
		55480F772815AA99000093EB /* Debug */ = {
			isa = XCBuildConfiguration;
			buildSettings = {
				ALWAYS_SEARCH_USER_PATHS = NO;
				CLANG_ANALYZER_NONNULL = YES;
				CLANG_ANALYZER_NUMBER_OBJECT_CONVERSION = YES_AGGRESSIVE;
				CLANG_CXX_LANGUAGE_STANDARD = "gnu++17";
				CLANG_ENABLE_MODULES = YES;
				CLANG_ENABLE_OBJC_ARC = YES;
				CLANG_ENABLE_OBJC_WEAK = YES;
				CLANG_WARN_BLOCK_CAPTURE_AUTORELEASING = YES;
				CLANG_WARN_BOOL_CONVERSION = YES;
				CLANG_WARN_COMMA = YES;
				CLANG_WARN_CONSTANT_CONVERSION = YES;
				CLANG_WARN_DEPRECATED_OBJC_IMPLEMENTATIONS = YES;
				CLANG_WARN_DIRECT_OBJC_ISA_USAGE = YES_ERROR;
				CLANG_WARN_DOCUMENTATION_COMMENTS = YES;
				CLANG_WARN_EMPTY_BODY = YES;
				CLANG_WARN_ENUM_CONVERSION = YES;
				CLANG_WARN_INFINITE_RECURSION = YES;
				CLANG_WARN_INT_CONVERSION = YES;
				CLANG_WARN_NON_LITERAL_NULL_CONVERSION = YES;
				CLANG_WARN_OBJC_IMPLICIT_RETAIN_SELF = YES;
				CLANG_WARN_OBJC_LITERAL_CONVERSION = YES;
				CLANG_WARN_OBJC_ROOT_CLASS = YES_ERROR;
				CLANG_WARN_QUOTED_INCLUDE_IN_FRAMEWORK_HEADER = YES;
				CLANG_WARN_RANGE_LOOP_ANALYSIS = YES;
				CLANG_WARN_STRICT_PROTOTYPES = YES;
				CLANG_WARN_SUSPICIOUS_MOVE = YES;
				CLANG_WARN_UNGUARDED_AVAILABILITY = YES_AGGRESSIVE;
				CLANG_WARN_UNREACHABLE_CODE = YES;
				CLANG_WARN__DUPLICATE_METHOD_MATCH = YES;
				COPY_PHASE_STRIP = NO;
				DEBUG_INFORMATION_FORMAT = dwarf;
				ENABLE_STRICT_OBJC_MSGSEND = YES;
				ENABLE_TESTABILITY = YES;
				GCC_C_LANGUAGE_STANDARD = gnu11;
				GCC_DYNAMIC_NO_PIC = NO;
				GCC_NO_COMMON_BLOCKS = YES;
				GCC_OPTIMIZATION_LEVEL = 0;
				GCC_PREPROCESSOR_DEFINITIONS = (
					"DEBUG=1",
					"$(inherited)",
				);
				GCC_WARN_64_TO_32_BIT_CONVERSION = YES;
				GCC_WARN_ABOUT_RETURN_TYPE = YES_ERROR;
				GCC_WARN_UNDECLARED_SELECTOR = YES;
				GCC_WARN_UNINITIALIZED_AUTOS = YES_AGGRESSIVE;
				GCC_WARN_UNUSED_FUNCTION = YES;
				GCC_WARN_UNUSED_VARIABLE = YES;
				IPHONEOS_DEPLOYMENT_TARGET = 15.4;
				MTL_ENABLE_DEBUG_INFO = INCLUDE_SOURCE;
				MTL_FAST_MATH = YES;
				ONLY_ACTIVE_ARCH = YES;
				SDKROOT = iphoneos;
				SWIFT_ACTIVE_COMPILATION_CONDITIONS = DEBUG;
				SWIFT_OPTIMIZATION_LEVEL = "-Onone";
			};
			name = Debug;
		};
		55480F782815AA99000093EB /* Release */ = {
			isa = XCBuildConfiguration;
			buildSettings = {
				ALWAYS_SEARCH_USER_PATHS = NO;
				CLANG_ANALYZER_NONNULL = YES;
				CLANG_ANALYZER_NUMBER_OBJECT_CONVERSION = YES_AGGRESSIVE;
				CLANG_CXX_LANGUAGE_STANDARD = "gnu++17";
				CLANG_ENABLE_MODULES = YES;
				CLANG_ENABLE_OBJC_ARC = YES;
				CLANG_ENABLE_OBJC_WEAK = YES;
				CLANG_WARN_BLOCK_CAPTURE_AUTORELEASING = YES;
				CLANG_WARN_BOOL_CONVERSION = YES;
				CLANG_WARN_COMMA = YES;
				CLANG_WARN_CONSTANT_CONVERSION = YES;
				CLANG_WARN_DEPRECATED_OBJC_IMPLEMENTATIONS = YES;
				CLANG_WARN_DIRECT_OBJC_ISA_USAGE = YES_ERROR;
				CLANG_WARN_DOCUMENTATION_COMMENTS = YES;
				CLANG_WARN_EMPTY_BODY = YES;
				CLANG_WARN_ENUM_CONVERSION = YES;
				CLANG_WARN_INFINITE_RECURSION = YES;
				CLANG_WARN_INT_CONVERSION = YES;
				CLANG_WARN_NON_LITERAL_NULL_CONVERSION = YES;
				CLANG_WARN_OBJC_IMPLICIT_RETAIN_SELF = YES;
				CLANG_WARN_OBJC_LITERAL_CONVERSION = YES;
				CLANG_WARN_OBJC_ROOT_CLASS = YES_ERROR;
				CLANG_WARN_QUOTED_INCLUDE_IN_FRAMEWORK_HEADER = YES;
				CLANG_WARN_RANGE_LOOP_ANALYSIS = YES;
				CLANG_WARN_STRICT_PROTOTYPES = YES;
				CLANG_WARN_SUSPICIOUS_MOVE = YES;
				CLANG_WARN_UNGUARDED_AVAILABILITY = YES_AGGRESSIVE;
				CLANG_WARN_UNREACHABLE_CODE = YES;
				CLANG_WARN__DUPLICATE_METHOD_MATCH = YES;
				COPY_PHASE_STRIP = NO;
				DEBUG_INFORMATION_FORMAT = "dwarf-with-dsym";
				ENABLE_NS_ASSERTIONS = NO;
				ENABLE_STRICT_OBJC_MSGSEND = YES;
				GCC_C_LANGUAGE_STANDARD = gnu11;
				GCC_NO_COMMON_BLOCKS = YES;
				GCC_WARN_64_TO_32_BIT_CONVERSION = YES;
				GCC_WARN_ABOUT_RETURN_TYPE = YES_ERROR;
				GCC_WARN_UNDECLARED_SELECTOR = YES;
				GCC_WARN_UNINITIALIZED_AUTOS = YES_AGGRESSIVE;
				GCC_WARN_UNUSED_FUNCTION = YES;
				GCC_WARN_UNUSED_VARIABLE = YES;
				IPHONEOS_DEPLOYMENT_TARGET = 15.4;
				MTL_ENABLE_DEBUG_INFO = NO;
				MTL_FAST_MATH = YES;
				SDKROOT = iphoneos;
				SWIFT_COMPILATION_MODE = wholemodule;
				SWIFT_OPTIMIZATION_LEVEL = "-O";
				VALIDATE_PRODUCT = YES;
			};
			name = Release;
		};
		55480F7A2815AA99000093EB /* Debug */ = {
			isa = XCBuildConfiguration;
			buildSettings = {
				ASSETCATALOG_COMPILER_APPICON_NAME = AppIcon;
				ASSETCATALOG_COMPILER_GLOBAL_ACCENT_COLOR_NAME = AccentColor;
				CODE_SIGN_STYLE = Automatic;
				CURRENT_PROJECT_VERSION = 1;
				DEVELOPMENT_ASSET_PATHS = "\"Lern by Doing/Preview Content\"";
				DEVELOPMENT_TEAM = APWHD299J9;
				ENABLE_PREVIEWS = YES;
				GENERATE_INFOPLIST_FILE = YES;
				INFOPLIST_FILE = "Lern-by-Doing-Info.plist";
				INFOPLIST_KEY_UIApplicationSceneManifest_Generation = YES;
				INFOPLIST_KEY_UIApplicationSupportsIndirectInputEvents = YES;
				INFOPLIST_KEY_UILaunchScreen_Generation = YES;
				INFOPLIST_KEY_UILaunchStoryboardName = "Launch Screen";
				INFOPLIST_KEY_UISupportedInterfaceOrientations_iPad = "UIInterfaceOrientationPortrait UIInterfaceOrientationPortraitUpsideDown UIInterfaceOrientationLandscapeLeft UIInterfaceOrientationLandscapeRight";
				INFOPLIST_KEY_UISupportedInterfaceOrientations_iPhone = "UIInterfaceOrientationPortrait UIInterfaceOrientationLandscapeLeft UIInterfaceOrientationLandscapeRight";
				LD_RUNPATH_SEARCH_PATHS = (
					"$(inherited)",
					"@executable_path/Frameworks",
				);
				MARKETING_VERSION = 1.0;
				PRODUCT_BUNDLE_IDENTIFIER = "com.andrej.dev.Lern-by-Doing";
				PRODUCT_NAME = "$(TARGET_NAME)";
				SWIFT_EMIT_LOC_STRINGS = YES;
				SWIFT_VERSION = 5.0;
				TARGETED_DEVICE_FAMILY = "1,2";
			};
			name = Debug;
		};
		55480F7B2815AA99000093EB /* Release */ = {
			isa = XCBuildConfiguration;
			buildSettings = {
				ASSETCATALOG_COMPILER_APPICON_NAME = AppIcon;
				ASSETCATALOG_COMPILER_GLOBAL_ACCENT_COLOR_NAME = AccentColor;
				CODE_SIGN_STYLE = Automatic;
				CURRENT_PROJECT_VERSION = 1;
				DEVELOPMENT_ASSET_PATHS = "\"Lern by Doing/Preview Content\"";
				DEVELOPMENT_TEAM = APWHD299J9;
				ENABLE_PREVIEWS = YES;
				GENERATE_INFOPLIST_FILE = YES;
				INFOPLIST_FILE = "Lern-by-Doing-Info.plist";
				INFOPLIST_KEY_UIApplicationSceneManifest_Generation = YES;
				INFOPLIST_KEY_UIApplicationSupportsIndirectInputEvents = YES;
				INFOPLIST_KEY_UILaunchScreen_Generation = YES;
				INFOPLIST_KEY_UILaunchStoryboardName = "Launch Screen";
				INFOPLIST_KEY_UISupportedInterfaceOrientations_iPad = "UIInterfaceOrientationPortrait UIInterfaceOrientationPortraitUpsideDown UIInterfaceOrientationLandscapeLeft UIInterfaceOrientationLandscapeRight";
				INFOPLIST_KEY_UISupportedInterfaceOrientations_iPhone = "UIInterfaceOrientationPortrait UIInterfaceOrientationLandscapeLeft UIInterfaceOrientationLandscapeRight";
				LD_RUNPATH_SEARCH_PATHS = (
					"$(inherited)",
					"@executable_path/Frameworks",
				);
				MARKETING_VERSION = 1.0;
				PRODUCT_BUNDLE_IDENTIFIER = "com.andrej.dev.Lern-by-Doing";
				PRODUCT_NAME = "$(TARGET_NAME)";
				SWIFT_EMIT_LOC_STRINGS = YES;
				SWIFT_VERSION = 5.0;
				TARGETED_DEVICE_FAMILY = "1,2";
			};
			name = Release;
		};
/* End XCBuildConfiguration section */

/* Begin XCConfigurationList section */
		55480F662815AA98000093EB /* Build configuration list for PBXProject "Lern by Doing" */ = {
			isa = XCConfigurationList;
			buildConfigurations = (
				55480F772815AA99000093EB /* Debug */,
				55480F782815AA99000093EB /* Release */,
			);
			defaultConfigurationIsVisible = 0;
			defaultConfigurationName = Release;
		};
		55480F792815AA99000093EB /* Build configuration list for PBXNativeTarget "Lern by Doing" */ = {
			isa = XCConfigurationList;
			buildConfigurations = (
				55480F7A2815AA99000093EB /* Debug */,
				55480F7B2815AA99000093EB /* Release */,
			);
			defaultConfigurationIsVisible = 0;
			defaultConfigurationName = Release;
		};
/* End XCConfigurationList section */
	};
	rootObject = 55480F632815AA98000093EB /* Project object */;
}
